{
	"name": "@nightcycle/reqwest",
	"version": "1.0.2",
	"lockfileVersion": 3,
	"requires": true,
	"packages": {
		"": {
			"name": "@nightcycle/reqwest",
			"version": "1.0.2",
			"license": "Apache-2.0",
			"dependencies": {
				"@nightcycle/error": "^0",
				"@nightcycle/future": "^0",
				"@nightcycle/hash-map": "^0",
				"@nightcycle/hashlib": "^1",
				"@nightcycle/lune-util": "0.7",
				"@nightcycle/option": "^0",
				"@nightcycle/reqwest": "^0",
				"@nightcycle/result": "^0",
				"@nightcycle/serde-json": "^0",
				"@nightcycle/vec": "^0",
				"@nightcycle/vec-deque": "^0"
			},
			"devDependencies": {
				"npmluau": "^0.1.1"
			}
		},
		"node_modules/@nightcycle/error": {
			"version": "0.6.2",
			"resolved": "https://registry.npmjs.org/@nightcycle/error/-/error-0.6.2.tgz",
			"integrity": "sha512-feZRAWFBBuhj9Jzx4k57OhcQ8MWIndRDydXc1PRhh9mpb616aa2IrH7RLpzf4v5gE6754kBGi8+2c2zqhzGdlg==",
			"license": "Apache-2.0",
			"dependencies": {
				"@nightcycle/option": "^0"
			}
		},
		"node_modules/@nightcycle/future": {
			"version": "0.11.1",
			"resolved": "https://registry.npmjs.org/@nightcycle/future/-/future-0.11.1.tgz",
			"integrity": "sha512-4P0Zb35BMquhXrufC64ySob9NpvC0bbEyfVqT5rIFpJWS66v2Eq8i9kvngkM/8/UmsF7iPofzCxno4y4og+mcw==",
			"license": "Apache-2.0",
			"dependencies": {
				"@nightcycle/error": "^0",
				"@nightcycle/lune-util": "^0",
				"@nightcycle/option": "^0",
				"@nightcycle/result": "^0"
			}
		},
		"node_modules/@nightcycle/hash-map": {
			"version": "0.6.0",
			"resolved": "https://registry.npmjs.org/@nightcycle/hash-map/-/hash-map-0.6.0.tgz",
			"integrity": "sha512-NpIx+7E+ohC08O4c0WFWUug5wRWvY92A04D/abr7YUnOqENCn2qWQ+wP1EAxYONfQ5pCE+wRWmbQIYRS8UFxsw==",
			"license": "Apache-2.0",
			"dependencies": {
				"@nightcycle/error": "^0",
				"@nightcycle/option": "^0",
				"@nightcycle/result": "^0",
				"@nightcycle/vec": "^0"
			}
		},
		"node_modules/@nightcycle/hashlib": {
			"version": "1.0.4",
			"resolved": "https://registry.npmjs.org/@nightcycle/hashlib/-/hashlib-1.0.4.tgz",
			"integrity": "sha512-35hkxK7/Trta3bKNGgq+EhuVK4UjdaW8bdixfMbYUdIeWQO59tlFBW/40zBjLt+ztbTDIeI45UO02J6mVDNwpQ==",
			"license": "Apache-2.0"
		},
		"node_modules/@nightcycle/lune-util": {
			"version": "0.7.2",
			"resolved": "https://registry.npmjs.org/@nightcycle/lune-util/-/lune-util-0.7.2.tgz",
			"integrity": "sha512-CjGqQO1bxzC9iRDxeLI9muprJazjzOVyifAS+YUouNS8Vfot80zLWjLb//mahHoXl72/ufwU1UtS6BLwJ51LIg==",
			"license": "Apache-2.0",
			"dependencies": {
				"@nightcycle/error": "^0",
				"@nightcycle/option": "^0",
				"@nightcycle/result": "^0"
			}
		},
		"node_modules/@nightcycle/option": {
			"version": "0.8.0",
			"resolved": "https://registry.npmjs.org/@nightcycle/option/-/option-0.8.0.tgz",
			"integrity": "sha512-tX+L2QPdIlqUvp4AhLaYd7Pl6mSVUAv4gPzt9vHKgKSTN49BhFJvr6vHq42sFYZ6KDmvMXJXyUbaxB5juz1Uqw==",
			"license": "Apache-2.0"
		},
		"node_modules/@nightcycle/reqwest": {
			"version": "0.9.1",
			"resolved": "https://registry.npmjs.org/@nightcycle/reqwest/-/reqwest-0.9.1.tgz",
			"integrity": "sha512-zfnL6yZiwRa88EyuzEzExJgdDIzPIS5/2dWMrKuJLDN4iwab/aVNg2ebJqsOqEn3lqqoxNFT7ANM2gqSWTAFeg==",
			"license": "Apache-2.0",
			"dependencies": {
				"@nightcycle/error": "^0",
				"@nightcycle/future": "^0",
				"@nightcycle/hash-map": "^0",
				"@nightcycle/hashlib": "^1",
				"@nightcycle/lune-util": "^0",
				"@nightcycle/option": "^0",
				"@nightcycle/result": "^0",
				"@nightcycle/vec": "^0"
			}
		},
		"node_modules/@nightcycle/result": {
			"version": "0.8.2",
			"resolved": "https://registry.npmjs.org/@nightcycle/result/-/result-0.8.2.tgz",
			"integrity": "sha512-XxgwyixptxJOD3OZY3RctA1lKqZ+qAZk2GaXRbyzRbt0u5vllpP4GvPnCveHkWyynTFSmEmmev3kawTOJEZ3Bg==",
			"license": "Apache-2.0",
			"dependencies": {
				"@nightcycle/error": "^0"
			}
		},
		"node_modules/@nightcycle/serde-json": {
			"version": "0.6.0",
			"resolved": "https://registry.npmjs.org/@nightcycle/serde-json/-/serde-json-0.6.0.tgz",
			"integrity": "sha512-riZN9gG24nglPEeIslxenCXxON5T+5r4KrrLZWnkEbzmtlhlVnc++0s0gU6ixzd4TUx+rVa/Ae9bSdEDvl+b8w==",
			"license": "Apache-2.0",
			"dependencies": {
				"@nightcycle/lune-util": "^0",
				"@nightcycle/option": "^0",
				"@nightcycle/result": "^0"
			}
		},
		"node_modules/@nightcycle/vec": {
			"version": "0.5.1",
			"resolved": "https://registry.npmjs.org/@nightcycle/vec/-/vec-0.5.1.tgz",
			"integrity": "sha512-QhpCSzLhhSXBUYYPmmp6uWy+4rglPpLe+iKOiHQCZjPkp7uls3PmGP88A6XDNTXzVD24RUegxwDKxNa6KjEWSg==",
			"license": "Apache-2.0",
			"dependencies": {
				"@nightcycle/error": "^0",
				"@nightcycle/option": "^0"
			}
		},
		"node_modules/@nightcycle/vec-deque": {
			"version": "0.5.2",
			"resolved": "https://registry.npmjs.org/@nightcycle/vec-deque/-/vec-deque-0.5.2.tgz",
			"integrity": "sha512-R97/WI8KynIhebTDF1Ekz1VFe1M9udtHZzgyMhpPowWSk06Uq5IgMwhkz2xaiQ5FppRl2gFMiV21ndRZsrpDIA==",
			"license": "Apache-2.0",
			"dependencies": {
				"@nightcycle/error": "^0",
				"@nightcycle/option": "^0"
			}
		},
		"node_modules/commander": {
			"version": "11.1.0",
			"resolved": "https://registry.npmjs.org/commander/-/commander-11.1.0.tgz",
			"integrity": "sha512-yPVavfyCcRhmorC7rWlkHn15b4wDVgVmBA7kV4QVBsF7kv/9TKJAbAXVTxvTnwP8HHKjRCJDClKbciiYS7p0DQ==",
			"dev": true,
			"license": "MIT",
			"engines": {
				"node": ">=16"
			}
		},
		"node_modules/npmluau": {
			"version": "0.1.2",
			"resolved": "https://registry.npmjs.org/npmluau/-/npmluau-0.1.2.tgz",
			"integrity": "sha512-S+x2c16ftHVpL8gnXo4On02lLP1x5NlgIByc8PbPf0j6stqN71r5HjTlO5VlwWoZ1f1c1L7iH5XZLee3Nl1Nig==",
			"dev": true,
			"license": "MIT",
			"dependencies": {
				"commander": "^11.0.0",
				"walkdir": "^0.4.1"
			},
			"bin": {
				"npmluau": "main.js"
			}
		},
		"node_modules/walkdir": {
			"version": "0.4.1",
			"resolved": "https://registry.npmjs.org/walkdir/-/walkdir-0.4.1.tgz",
			"integrity": "sha512-3eBwRyEln6E1MSzcxcVpQIhRG8Q1jLvEqRmCZqS3dsfXEDR/AhOF4d+jHg1qvDCpYaVRZjENPQyrVxAkQqxPgQ==",
			"dev": true,
			"license": "MIT",
			"engines": {
				"node": ">=6.0.0"
			}
		}
	}
}
